github.com/ProtonMail/go-crypto v0.0.0-20230923063757-afb1ddc0824c h1:kMFnB0vCcX7IL/m9Y5LO+KQYv+t1CQOiFe6+SV2J7bE=
github.com/ProtonMail/go-crypto v0.0.0-20230923063757-afb1ddc0824c/go.mod h1:EjAoLdwvbIOoOQr3ihjnSoLZRtE8azugULFRteWMNc0=
github.com/cloudflare/circl v1.3.3 h1:fE/Qz0QdIGqeWfnwq0RE0R7MI51s0M2E4Ga9kq5AEMs=
github.com/cloudflare/circl v1.3.3/go.mod h1:5XYMA4rFBvNIrhs50XuiBJ15vF2pZn4nnUKZrLbUZFA=
github.com/zcubbs/crypto v0.0.0-20231231144643-ae5ff8ebc288 h1:RWvDtzp4E0Dfw9v9dBc/oo69IdftyjPFSAL+ThwQIII=
github.com/zcubbs/crypto v0.0.0-20231231144643-ae5ff8ebc288/go.mod h1:ouZGEfy8SMqc9FS9pU1RVgqhfhBTypQx5vvrxhFmSwI=
golang.org/x/crypto v0.7.0 h1:AvwMYaRytfdeVt3u6mLaxYtErKYjxA2OXjJ1HHq6t3A=
golang.org/x/crypto v0.7.0/go.mod h1:pYwdfH91IfpZVANVyUOhSIPZaFoJGxTFbZhFTx+dXZU=
golang.org/x/sys v0.6.0 h1:MVltZSvRTcU2ljQOhs94SXPftV6DCNnZViHeQps87pQ=
golang.org/x/sys v0.6.0/go.mod h1:oPkhp1MJrh7nUepCBck5+mAzfO9JrbApNNgaTdGDITg=
